
Microsoft Visual Studio Solution File, Format Version 12.00
# Visual Studio Version 17
VisualStudioVersion = 17.1.32407.343
MinimumVisualStudioVersion = 10.0.40219.1
Project("{FAE04EC0-301F-11D3-BF4B-00C04F79EFBC}") = "Inheritance", "Inheritance\Inheritance.csproj", "{5B1DE591-A75B-40CE-AB1A-8260112958CE}"
EndProject
Global
	GlobalSection(SolutionConfigurationPlatforms) = preSolution
		Debug|Any CPU = Debug|Any CPU
		Release|Any CPU = Release|Any CPU
	EndGlobalSection
	GlobalSection(ProjectConfigurationPlatforms) = postSolution
		{5B1DE591-A75B-40CE-AB1A-8260112958CE}.Debug|Any CPU.ActiveCfg = Debug|Any CPU
		{5B1DE591-A75B-40CE-AB1A-8260112958CE}.Debug|Any CPU.Build.0 = Debug|Any CPU
		{5B1DE591-A75B-40CE-AB1A-8260112958CE}.Release|Any CPU.ActiveCfg = Release|Any CPU
		{5B1DE591-A75B-40CE-AB1A-8260112958CE}.Release|Any CPU.Build.0 = Release|Any CPU
	EndGlobalSection
	GlobalSection(SolutionProperties) = preSolution
		HideSolutionNode = FALSE
	EndGlobalSection
	GlobalSection(ExtensibilityGlobals) = postSolution
		SolutionGuid = {A3DE9791-BDE2-4E05-A81C-CD78F067E34B}
	EndGlobalSection
EndGlobal
